
Microsoft Visual Studio Solution File, Format Version 12.00
# Visual Studio Version 17
VisualStudioVersion = 17.8.34316.72
MinimumVisualStudioVersion = 10.0.40219.1
Project("{8BC9CEB8-8B4A-11D0-8D11-00A0C91BC942}") = "C,C++Anything", "C,C++Anything.vcxproj", "{A5CD0E77-ABF4-469D-A135-939EEE4F97D0}"
EndProject
Global
	GlobalSection(SolutionConfigurationPlatforms) = preSolution
		Debug|x64 = Debug|x64
		Debug|x86 = Debug|x86
		Release|x64 = Release|x64
		Release|x86 = Release|x86
	EndGlobalSection
	GlobalSection(ProjectConfigurationPlatforms) = postSolution
		{A5CD0E77-ABF4-469D-A135-939EEE4F97D0}.Debug|x64.ActiveCfg = Debug|x64
		{A5CD0E77-ABF4-469D-A135-939EEE4F97D0}.Debug|x64.Build.0 = Debug|x64
		{A5CD0E77-ABF4-469D-A135-939EEE4F97D0}.Debug|x86.ActiveCfg = Debug|Win32
		{A5CD0E77-ABF4-469D-A135-939EEE4F97D0}.Debug|x86.Build.0 = Debug|Win32
		{A5CD0E77-ABF4-469D-A135-939EEE4F97D0}.Release|x64.ActiveCfg = Release|x64
		{A5CD0E77-ABF4-469D-A135-939EEE4F97D0}.Release|x64.Build.0 = Release|x64
		{A5CD0E77-ABF4-469D-A135-939EEE4F97D0}.Release|x86.ActiveCfg = Release|Win32
		{A5CD0E77-ABF4-469D-A135-939EEE4F97D0}.Release|x86.Build.0 = Release|Win32
	EndGlobalSection
	GlobalSection(SolutionProperties) = preSolution
		HideSolutionNode = FALSE
	EndGlobalSection
	GlobalSection(ExtensibilityGlobals) = postSolution
		SolutionGuid = {56AA812E-0B4E-4B6F-A3F4-57BAFCEA5180}
	EndGlobalSection
EndGlobal
